
Microsoft Visual Studio Solution File, Format Version 12.00
# Visual Studio Version 16
VisualStudioVersion = 16.0.30523.141
MinimumVisualStudioVersion = 10.0.40219.1
Project("{FAE04EC0-301F-11D3-BF4B-00C04F79EFBC}") = "accounting", "kursova Zakharenko\accounting.csproj", "{224DB462-E313-4B6C-B4EA-29919462D4AB}"
EndProject
Global
	GlobalSection(SolutionConfigurationPlatforms) = preSolution
		Debug|Any CPU = Debug|Any CPU
		Release|Any CPU = Release|Any CPU
	EndGlobalSection
	GlobalSection(ProjectConfigurationPlatforms) = postSolution
		{224DB462-E313-4B6C-B4EA-29919462D4AB}.Debug|Any CPU.ActiveCfg = Debug|Any CPU
		{224DB462-E313-4B6C-B4EA-29919462D4AB}.Debug|Any CPU.Build.0 = Debug|Any CPU
		{224DB462-E313-4B6C-B4EA-29919462D4AB}.Release|Any CPU.ActiveCfg = Release|Any CPU
		{224DB462-E313-4B6C-B4EA-29919462D4AB}.Release|Any CPU.Build.0 = Release|Any CPU
	EndGlobalSection
	GlobalSection(SolutionProperties) = preSolution
		HideSolutionNode = FALSE
	EndGlobalSection
	GlobalSection(ExtensibilityGlobals) = postSolution
		SolutionGuid = {86010DDD-16F6-4B6A-A09C-B9F5B024AA47}
	EndGlobalSection
EndGlobal
